// !$*UTF8*$!
{
	archiveVersion = 1;
	classes = {
	};
	objectVersion = 46;
	objects = {

/* Begin PBXBuildFile section */
		534C5EBC1B4DF20C00776625 /* AppDelegate.swift in Sources */ = {isa = PBXBuildFile; fileRef = 534C5EBB1B4DF20C00776625 /* AppDelegate.swift */; };
		534C5EBE1B4DF20C00776625 /* ViewController.swift in Sources */ = {isa = PBXBuildFile; fileRef = 534C5EBD1B4DF20C00776625 /* ViewController.swift */; };
		534C5EC11B4DF20C00776625 /* Main.storyboard in Resources */ = {isa = PBXBuildFile; fileRef = 534C5EBF1B4DF20C00776625 /* Main.storyboard */; };
		534C5EC31B4DF20C00776625 /* Images.xcassets in Resources */ = {isa = PBXBuildFile; fileRef = 534C5EC21B4DF20C00776625 /* Images.xcassets */; };
		534C5EC61B4DF20C00776625 /* LaunchScreen.xib in Resources */ = {isa = PBXBuildFile; fileRef = 534C5EC41B4DF20C00776625 /* LaunchScreen.xib */; };
		534C5ED21B4DF20C00776625 /* VirtualTouristTests.swift in Sources */ = {isa = PBXBuildFile; fileRef = 534C5ED11B4DF20C00776625 /* VirtualTouristTests.swift */; };
/* End PBXBuildFile section */

/* Begin PBXContainerItemProxy section */
		534C5ECC1B4DF20C00776625 /* PBXContainerItemProxy */ = {
			isa = PBXContainerItemProxy;
			containerPortal = 534C5EAE1B4DF20C00776625 /* Project object */;
			proxyType = 1;
			remoteGlobalIDString = 534C5EB51B4DF20C00776625;
			remoteInfo = VirtualTourist;
		};
/* End PBXContainerItemProxy section */

/* Begin PBXFileReference section */
		534C5EB61B4DF20C00776625 /* VirtualTourist.app */ = {isa = PBXFileReference; explicitFileType = wrapper.application; includeInIndex = 0; path = VirtualTourist.app; sourceTree = BUILT_PRODUCTS_DIR; };
		534C5EBA1B4DF20C00776625 /* Info.plist */ = {isa = PBXFileReference; lastKnownFileType = text.plist.xml; path = Info.plist; sourceTree = "<group>"; };
		534C5EBB1B4DF20C00776625 /* AppDelegate.swift */ = {isa = PBXFileReference; lastKnownFileType = sourcecode.swift; path = AppDelegate.swift; sourceTree = "<group>"; };
		534C5EBD1B4DF20C00776625 /* ViewController.swift */ = {isa = PBXFileReference; lastKnownFileType = sourcecode.swift; path = ViewController.swift; sourceTree = "<group>"; };
		534C5EC01B4DF20C00776625 /* Base */ = {isa = PBXFileReference; lastKnownFileType = file.storyboard; name = Base; path = Base.lproj/Main.storyboard; sourceTree = "<group>"; };
		534C5EC21B4DF20C00776625 /* Images.xcassets */ = {isa = PBXFileReference; lastKnownFileType = folder.assetcatalog; path = Images.xcassets; sourceTree = "<group>"; };
		534C5EC51B4DF20C00776625 /* Base */ = {isa = PBXFileReference; lastKnownFileType = file.xib; name = Base; path = Base.lproj/LaunchScreen.xib; sourceTree = "<group>"; };
		534C5ECB1B4DF20C00776625 /* VirtualTouristTests.xctest */ = {isa = PBXFileReference; explicitFileType = wrapper.cfbundle; includeInIndex = 0; path = VirtualTouristTests.xctest; sourceTree = BUILT_PRODUCTS_DIR; };
		534C5ED01B4DF20C00776625 /* Info.plist */ = {isa = PBXFileReference; lastKnownFileType = text.plist.xml; path = Info.plist; sourceTree = "<group>"; };
		534C5ED11B4DF20C00776625 /* VirtualTouristTests.swift */ = {isa = PBXFileReference; lastKnownFileType = sourcecode.swift; path = VirtualTouristTests.swift; sourceTree = "<group>"; };
/* End PBXFileReference section */

/* Begin PBXFrameworksBuildPhase section */
		534C5EB31B4DF20C00776625 /* Frameworks */ = {
			isa = PBXFrameworksBuildPhase;
			buildActionMask = 2147483647;
			files = (
			);
			runOnlyForDeploymentPostprocessing = 0;
		};
		534C5EC81B4DF20C00776625 /* Frameworks */ = {
			isa = PBXFrameworksBuildPhase;
			buildActionMask = 2147483647;
			files = (
			);
			runOnlyForDeploymentPostprocessing = 0;
		};
/* End PBXFrameworksBuildPhase section */

/* Begin PBXGroup section */
		534C5EAD1B4DF20C00776625 = {
			isa = PBXGroup;
			children = (
				534C5EB81B4DF20C00776625 /* VirtualTourist */,
				534C5ECE1B4DF20C00776625 /* VirtualTouristTests */,
				534C5EB71B4DF20C00776625 /* Products */,
			);
			sourceTree = "<group>";
		};
		534C5EB71B4DF20C00776625 /* Products */ = {
			isa = PBXGroup;
			children = (
				534C5EB61B4DF20C00776625 /* VirtualTourist.app */,
				534C5ECB1B4DF20C00776625 /* VirtualTouristTests.xctest */,
			);
			name = Products;
			sourceTree = "<group>";
		};
		534C5EB81B4DF20C00776625 /* VirtualTourist */ = {
			isa = PBXGroup;
			children = (
				534C5EBB1B4DF20C00776625 /* AppDelegate.swift */,
				534C5EBD1B4DF20C00776625 /* ViewController.swift */,
				534C5EBF1B4DF20C00776625 /* Main.storyboard */,
				534C5EC21B4DF20C00776625 /* Images.xcassets */,
				534C5EC41B4DF20C00776625 /* LaunchScreen.xib */,
				534C5EB91B4DF20C00776625 /* Supporting Files */,
			);
			path = VirtualTourist;
			sourceTree = "<group>";
		};
		534C5EB91B4DF20C00776625 /* Supporting Files */ = {
			isa = PBXGroup;
			children = (
				534C5EBA1B4DF20C00776625 /* Info.plist */,
			);
			name = "Supporting Files";
			sourceTree = "<group>";
		};
		534C5ECE1B4DF20C00776625 /* VirtualTouristTests */ = {
			isa = PBXGroup;
			children = (
				534C5ED11B4DF20C00776625 /* VirtualTouristTests.swift */,
				534C5ECF1B4DF20C00776625 /* Supporting Files */,
			);
			path = VirtualTouristTests;
			sourceTree = "<group>";
		};
		534C5ECF1B4DF20C00776625 /* Supporting Files */ = {
			isa = PBXGroup;
			children = (
				534C5ED01B4DF20C00776625 /* Info.plist */,
			);
			name = "Supporting Files";
			sourceTree = "<group>";
		};
/* End PBXGroup section */

/* Begin PBXNativeTarget section */
		534C5EB51B4DF20C00776625 /* VirtualTourist */ = {
			isa = PBXNativeTarget;
			buildConfigurationList = 534C5ED51B4DF20C00776625 /* Build configuration list for PBXNativeTarget "VirtualTourist" */;
			buildPhases = (
				534C5EB21B4DF20C00776625 /* Sources */,
				534C5EB31B4DF20C00776625 /* Frameworks */,
				534C5EB41B4DF20C00776625 /* Resources */,
			);
			buildRules = (
			);
			dependencies = (
			);
			name = VirtualTourist;
			productName = VirtualTourist;
			productReference = 534C5EB61B4DF20C00776625 /* VirtualTourist.app */;
			productType = "com.apple.product-type.application";
		};
		534C5ECA1B4DF20C00776625 /* VirtualTouristTests */ = {
			isa = PBXNativeTarget;
			buildConfigurationList = 534C5ED81B4DF20C00776625 /* Build configuration list for PBXNativeTarget "VirtualTouristTests" */;
			buildPhases = (
				534C5EC71B4DF20C00776625 /* Sources */,
				534C5EC81B4DF20C00776625 /* Frameworks */,
				534C5EC91B4DF20C00776625 /* Resources */,
			);
			buildRules = (
			);
			dependencies = (
				534C5ECD1B4DF20C00776625 /* PBXTargetDependency */,
			);
			name = VirtualTouristTests;
			productName = VirtualTouristTests;
			productReference = 534C5ECB1B4DF20C00776625 /* VirtualTouristTests.xctest */;
			productType = "com.apple.product-type.bundle.unit-test";
		};
/* End PBXNativeTarget section */

/* Begin PBXProject section */
		534C5EAE1B4DF20C00776625 /* Project object */ = {
			isa = PBXProject;
			attributes = {
				LastUpgradeCheck = 0640;
				ORGANIZATIONNAME = "SelfEdge Software";
				TargetAttributes = {
					534C5EB51B4DF20C00776625 = {
						CreatedOnToolsVersion = 6.4;
					};
					534C5ECA1B4DF20C00776625 = {
						CreatedOnToolsVersion = 6.4;
						TestTargetID = 534C5EB51B4DF20C00776625;
					};
				};
			};
			buildConfigurationList = 534C5EB11B4DF20C00776625 /* Build configuration list for PBXProject "VirtualTourist" */;
			compatibilityVersion = "Xcode 3.2";
			developmentRegion = English;
			hasScannedForEncodings = 0;
			knownRegions = (
				en,
				Base,
			);
			mainGroup = 534C5EAD1B4DF20C00776625;
			productRefGroup = 534C5EB71B4DF20C00776625 /* Products */;
			projectDirPath = "";
			projectRoot = "";
			targets = (
				534C5EB51B4DF20C00776625 /* VirtualTourist */,
				534C5ECA1B4DF20C00776625 /* VirtualTouristTests */,
			);
		};
/* End PBXProject section */

/* Begin PBXResourcesBuildPhase section */
		534C5EB41B4DF20C00776625 /* Resources */ = {
			isa = PBXResourcesBuildPhase;
			buildActionMask = 2147483647;
			files = (
				534C5EC11B4DF20C00776625 /* Main.storyboard in Resources */,
				534C5EC61B4DF20C00776625 /* LaunchScreen.xib in Resources */,
				534C5EC31B4DF20C00776625 /* Images.xcassets in Resources */,
			);
			runOnlyForDeploymentPostprocessing = 0;
		};
		534C5EC91B4DF20C00776625 /* Resources */ = {
			isa = PBXResourcesBuildPhase;
			buildActionMask = 2147483647;
			files = (
			);
			runOnlyForDeploymentPostprocessing = 0;
		};
/* End PBXResourcesBuildPhase section */

/* Begin PBXSourcesBuildPhase section */
		534C5EB21B4DF20C00776625 /* Sources */ = {
			isa = PBXSourcesBuildPhase;
			buildActionMask = 2147483647;
			files = (
				534C5EBE1B4DF20C00776625 /* ViewController.swift in Sources */,
				534C5EBC1B4DF20C00776625 /* AppDelegate.swift in Sources */,
			);
			runOnlyForDeploymentPostprocessing = 0;
		};
		534C5EC71B4DF20C00776625 /* Sources */ = {
			isa = PBXSourcesBuildPhase;
			buildActionMask = 2147483647;
			files = (
				534C5ED21B4DF20C00776625 /* VirtualTouristTests.swift in Sources */,
			);
			runOnlyForDeploymentPostprocessing = 0;
		};
/* End PBXSourcesBuildPhase section */

/* Begin PBXTargetDependency section */
		534C5ECD1B4DF20C00776625 /* PBXTargetDependency */ = {
			isa = PBXTargetDependency;
			target = 534C5EB51B4DF20C00776625 /* VirtualTourist */;
			targetProxy = 534C5ECC1B4DF20C00776625 /* PBXContainerItemProxy */;
		};
/* End PBXTargetDependency section */

/* Begin PBXVariantGroup section */
		534C5EBF1B4DF20C00776625 /* Main.storyboard */ = {
			isa = PBXVariantGroup;
			children = (
				534C5EC01B4DF20C00776625 /* Base */,
			);
			name = Main.storyboard;
			sourceTree = "<group>";
		};
		534C5EC41B4DF20C00776625 /* LaunchScreen.xib */ = {
			isa = PBXVariantGroup;
			children = (
				534C5EC51B4DF20C00776625 /* Base */,
			);
			name = LaunchScreen.xib;
			sourceTree = "<group>";
		};
/* End PBXVariantGroup section */

/* Begin XCBuildConfiguration section */
		534C5ED31B4DF20C00776625 /* Debug */ = {
			isa = XCBuildConfiguration;
			buildSettings = {
				ALWAYS_SEARCH_USER_PATHS = NO;
				CLANG_CXX_LANGUAGE_STANDARD = "gnu++0x";
				CLANG_CXX_LIBRARY = "libc++";
				CLANG_ENABLE_MODULES = YES;
				CLANG_ENABLE_OBJC_ARC = YES;
				CLANG_WARN_BOOL_CONVERSION = YES;
				CLANG_WARN_CONSTANT_CONVERSION = YES;
				CLANG_WARN_DIRECT_OBJC_ISA_USAGE = YES_ERROR;
				CLANG_WARN_EMPTY_BODY = YES;
				CLANG_WARN_ENUM_CONVERSION = YES;
				CLANG_WARN_INT_CONVERSION = YES;
				CLANG_WARN_OBJC_ROOT_CLASS = YES_ERROR;
				CLANG_WARN_UNREACHABLE_CODE = YES;
				CLANG_WARN__DUPLICATE_METHOD_MATCH = YES;
				"CODE_SIGN_IDENTITY[sdk=iphoneos*]" = "iPhone Developer";
				COPY_PHASE_STRIP = NO;
				DEBUG_INFORMATION_FORMAT = "dwarf-with-dsym";
				ENABLE_STRICT_OBJC_MSGSEND = YES;
				GCC_C_LANGUAGE_STANDARD = gnu99;
				GCC_DYNAMIC_NO_PIC = NO;
				GCC_NO_COMMON_BLOCKS = YES;
				GCC_OPTIMIZATION_LEVEL = 0;
				GCC_PREPROCESSOR_DEFINITIONS = (
					"DEBUG=1",
					"$(inherited)",
				);
				GCC_SYMBOLS_PRIVATE_EXTERN = NO;
				GCC_WARN_64_TO_32_BIT_CONVERSION = YES;
				GCC_WARN_ABOUT_RETURN_TYPE = YES_ERROR;
				GCC_WARN_UNDECLARED_SELECTOR = YES;
				GCC_WARN_UNINITIALIZED_AUTOS = YES_AGGRESSIVE;
				GCC_WARN_UNUSED_FUNCTION = YES;
				GCC_WARN_UNUSED_VARIABLE = YES;
				IPHONEOS_DEPLOYMENT_TARGET = 8.4;
				MTL_ENABLE_DEBUG_INFO = YES;
				ONLY_ACTIVE_ARCH = YES;
				SDKROOT = iphoneos;
				SWIFT_OPTIMIZATION_LEVEL = "-Onone";
				TARGETED_DEVICE_FAMILY = "1,2";
			};
			name = Debug;
		};
		534C5ED41B4DF20C00776625 /* Release */ = {
			isa = XCBuildConfiguration;
			buildSettings = {
				ALWAYS_SEARCH_USER_PATHS = NO;
				CLANG_CXX_LANGUAGE_STANDARD = "gnu++0x";
				CLANG_CXX_LIBRARY = "libc++";
				CLANG_ENABLE_MODULES = YES;
				CLANG_ENABLE_OBJC_ARC = YES;
				CLANG_WARN_BOOL_CONVERSION = YES;
				CLANG_WARN_CONSTANT_CONVERSION = YES;
				CLANG_WARN_DIRECT_OBJC_ISA_USAGE = YES_ERROR;
				CLANG_WARN_EMPTY_BODY = YES;
				CLANG_WARN_ENUM_CONVERSION = YES;
				CLANG_WARN_INT_CONVERSION = YES;
				CLANG_WARN_OBJC_ROOT_CLASS = YES_ERROR;
				CLANG_WARN_UNREACHABLE_CODE = YES;
				CLANG_WARN__DUPLICATE_METHOD_MATCH = YES;
				"CODE_SIGN_IDENTITY[sdk=iphoneos*]" = "iPhone Developer";
				COPY_PHASE_STRIP = NO;
				DEBUG_INFORMATION_FORMAT = "dwarf-with-dsym";
				ENABLE_NS_ASSERTIONS = NO;
				ENABLE_STRICT_OBJC_MSGSEND = YES;
				GCC_C_LANGUAGE_STANDARD = gnu99;
				GCC_NO_COMMON_BLOCKS = YES;
				GCC_WARN_64_TO_32_BIT_CONVERSION = YES;
				GCC_WARN_ABOUT_RETURN_TYPE = YES_ERROR;
				GCC_WARN_UNDECLARED_SELECTOR = YES;
				GCC_WARN_UNINITIALIZED_AUTOS = YES_AGGRESSIVE;
				GCC_WARN_UNUSED_FUNCTION = YES;
				GCC_WARN_UNUSED_VARIABLE = YES;
				IPHONEOS_DEPLOYMENT_TARGET = 8.4;
				MTL_ENABLE_DEBUG_INFO = NO;
				SDKROOT = iphoneos;
				TARGETED_DEVICE_FAMILY = "1,2";
				VALIDATE_PRODUCT = YES;
			};
			name = Release;
		};
		534C5ED61B4DF20C00776625 /* Debug */ = {
			isa = XCBuildConfiguration;
			buildSettings = {
				ASSETCATALOG_COMPILER_APPICON_NAME = AppIcon;
				INFOPLIST_FILE = VirtualTourist/Info.plist;
				LD_RUNPATH_SEARCH_PATHS = "$(inherited) @executable_path/Frameworks";
				PRODUCT_NAME = "$(TARGET_NAME)";
			};
			name = Debug;
		};
		534C5ED71B4DF20C00776625 /* Release */ = {
			isa = XCBuildConfiguration;
			buildSettings = {
				ASSETCATALOG_COMPILER_APPICON_NAME = AppIcon;
				INFOPLIST_FILE = VirtualTourist/Info.plist;
				LD_RUNPATH_SEARCH_PATHS = "$(inherited) @executable_path/Frameworks";
				PRODUCT_NAME = "$(TARGET_NAME)";
			};
			name = Release;
		};
		534C5ED91B4DF20C00776625 /* Debug */ = {
			isa = XCBuildConfiguration;
			buildSettings = {
				BUNDLE_LOADER = "$(TEST_HOST)";
				FRAMEWORK_SEARCH_PATHS = (
					"$(SDKROOT)/Developer/Library/Frameworks",
					"$(inherited)",
				);
				GCC_PREPROCESSOR_DEFINITIONS = (
					"DEBUG=1",
					"$(inherited)",
				);
				INFOPLIST_FILE = VirtualTouristTests/Info.plist;
				LD_RUNPATH_SEARCH_PATHS = "$(inherited) @executable_path/Frameworks @loader_path/Frameworks";
				PRODUCT_NAME = "$(TARGET_NAME)";
				TEST_HOST = "$(BUILT_PRODUCTS_DIR)/VirtualTourist.app/VirtualTourist";
			};
			name = Debug;
		};
		534C5EDA1B4DF20C00776625 /* Release */ = {
			isa = XCBuildConfiguration;
			buildSettings = {
				BUNDLE_LOADER = "$(TEST_HOST)";
				FRAMEWORK_SEARCH_PATHS = (
					"$(SDKROOT)/Developer/Library/Frameworks",
					"$(inherited)",
				);
				INFOPLIST_FILE = VirtualTouristTests/Info.plist;
				LD_RUNPATH_SEARCH_PATHS = "$(inherited) @executable_path/Frameworks @loader_path/Frameworks";
				PRODUCT_NAME = "$(TARGET_NAME)";
				TEST_HOST = "$(BUILT_PRODUCTS_DIR)/VirtualTourist.app/VirtualTourist";
			};
			name = Release;
		};
/* End XCBuildConfiguration section */

/* Begin XCConfigurationList section */
		534C5EB11B4DF20C00776625 /* Build configuration list for PBXProject "VirtualTourist" */ = {
			isa = XCConfigurationList;
			buildConfigurations = (
				534C5ED31B4DF20C00776625 /* Debug */,
				534C5ED41B4DF20C00776625 /* Release */,
			);
			defaultConfigurationIsVisible = 0;
			defaultConfigurationName = Release;
		};
		534C5ED51B4DF20C00776625 /* Build configuration list for PBXNativeTarget "VirtualTourist" */ = {
			isa = XCConfigurationList;
			buildConfigurations = (
				534C5ED61B4DF20C00776625 /* Debug */,
				534C5ED71B4DF20C00776625 /* Release */,
			);
			defaultConfigurationIsVisible = 0;
		};
		534C5ED81B4DF20C00776625 /* Build configuration list for PBXNativeTarget "VirtualTouristTests" */ = {
			isa = XCConfigurationList;
			buildConfigurations = (
				534C5ED91B4DF20C00776625 /* Debug */,
				534C5EDA1B4DF20C00776625 /* Release */,
			);
			defaultConfigurationIsVisible = 0;
		};
/* End XCConfigurationList section */
	};
	rootObject = 534C5EAE1B4DF20C00776625 /* Project object */;
}
